// !$*UTF8*$!
{
	archiveVersion = 1;
	classes = {
	};
	objectVersion = 50;
	objects = {

/* Begin PBXBuildFile section */
		D5889CE722E381F300D8F782 /* AppDelegate.swift in Sources */ = {isa = PBXBuildFile; fileRef = D5889CE622E381F300D8F782 /* AppDelegate.swift */; };
		D5889CE922E381F300D8F782 /* SceneDelegate.swift in Sources */ = {isa = PBXBuildFile; fileRef = D5889CE822E381F300D8F782 /* SceneDelegate.swift */; };
		D5889CEB22E381F300D8F782 /* ContentView.swift in Sources */ = {isa = PBXBuildFile; fileRef = D5889CEA22E381F300D8F782 /* ContentView.swift */; };
		D5889CED22E381F600D8F782 /* Assets.xcassets in Resources */ = {isa = PBXBuildFile; fileRef = D5889CEC22E381F600D8F782 /* Assets.xcassets */; };
		D5889CF022E381F600D8F782 /* Preview Assets.xcassets in Resources */ = {isa = PBXBuildFile; fileRef = D5889CEF22E381F600D8F782 /* Preview Assets.xcassets */; };
		D5889CF322E381F600D8F782 /* LaunchScreen.storyboard in Resources */ = {isa = PBXBuildFile; fileRef = D5889CF122E381F600D8F782 /* LaunchScreen.storyboard */; };
/* End PBXBuildFile section */

/* Begin PBXFileReference section */
		D5889CE322E381F300D8F782 /* AnotherSwiftUIWeather.app */ = {isa = PBXFileReference; explicitFileType = wrapper.application; includeInIndex = 0; path = AnotherSwiftUIWeather.app; sourceTree = BUILT_PRODUCTS_DIR; };
		D5889CE622E381F300D8F782 /* AppDelegate.swift */ = {isa = PBXFileReference; lastKnownFileType = sourcecode.swift; path = AppDelegate.swift; sourceTree = "<group>"; };
		D5889CE822E381F300D8F782 /* SceneDelegate.swift */ = {isa = PBXFileReference; lastKnownFileType = sourcecode.swift; path = SceneDelegate.swift; sourceTree = "<group>"; };
		D5889CEA22E381F300D8F782 /* ContentView.swift */ = {isa = PBXFileReference; lastKnownFileType = sourcecode.swift; path = ContentView.swift; sourceTree = "<group>"; };
		D5889CEC22E381F600D8F782 /* Assets.xcassets */ = {isa = PBXFileReference; lastKnownFileType = folder.assetcatalog; path = Assets.xcassets; sourceTree = "<group>"; };
		D5889CEF22E381F600D8F782 /* Preview Assets.xcassets */ = {isa = PBXFileReference; lastKnownFileType = folder.assetcatalog; path = "Preview Assets.xcassets"; sourceTree = "<group>"; };
		D5889CF222E381F600D8F782 /* Base */ = {isa = PBXFileReference; lastKnownFileType = file.storyboard; name = Base; path = Base.lproj/LaunchScreen.storyboard; sourceTree = "<group>"; };
		D5889CF422E381F600D8F782 /* Info.plist */ = {isa = PBXFileReference; lastKnownFileType = text.plist.xml; path = Info.plist; sourceTree = "<group>"; };
/* End PBXFileReference section */

/* Begin PBXFrameworksBuildPhase section */
		D5889CE022E381F300D8F782 /* Frameworks */ = {
			isa = PBXFrameworksBuildPhase;
			buildActionMask = 2147483647;
			files = (
			);
			runOnlyForDeploymentPostprocessing = 0;
		};
/* End PBXFrameworksBuildPhase section */

/* Begin PBXGroup section */
		D5889CDA22E381F300D8F782 = {
			isa = PBXGroup;
			children = (
				D5889CE522E381F300D8F782 /* AnotherSwiftUIWeather */,
				D5889CE422E381F300D8F782 /* Products */,
			);
			sourceTree = "<group>";
		};
		D5889CE422E381F300D8F782 /* Products */ = {
			isa = PBXGroup;
			children = (
				D5889CE322E381F300D8F782 /* AnotherSwiftUIWeather.app */,
			);
			name = Products;
			sourceTree = "<group>";
		};
		D5889CE522E381F300D8F782 /* AnotherSwiftUIWeather */ = {
			isa = PBXGroup;
			children = (
				D5889CE622E381F300D8F782 /* AppDelegate.swift */,
				D5889CE822E381F300D8F782 /* SceneDelegate.swift */,
				D5889CEA22E381F300D8F782 /* ContentView.swift */,
				D5889CEC22E381F600D8F782 /* Assets.xcassets */,
				D5889CF122E381F600D8F782 /* LaunchScreen.storyboard */,
				D5889CF422E381F600D8F782 /* Info.plist */,
				D5889CEE22E381F600D8F782 /* Preview Content */,
			);
			path = AnotherSwiftUIWeather;
			sourceTree = "<group>";
		};
		D5889CEE22E381F600D8F782 /* Preview Content */ = {
			isa = PBXGroup;
			children = (
				D5889CEF22E381F600D8F782 /* Preview Assets.xcassets */,
			);
			path = "Preview Content";
			sourceTree = "<group>";
		};
/* End PBXGroup section */

/* Begin PBXNativeTarget section */
		D5889CE222E381F300D8F782 /* AnotherSwiftUIWeather */ = {
			isa = PBXNativeTarget;
			buildConfigurationList = D5889CF722E381F600D8F782 /* Build configuration list for PBXNativeTarget "AnotherSwiftUIWeather" */;
			buildPhases = (
				D5889CDF22E381F300D8F782 /* Sources */,
				D5889CE022E381F300D8F782 /* Frameworks */,
				D5889CE122E381F300D8F782 /* Resources */,
			);
			buildRules = (
			);
			dependencies = (
			);
			name = AnotherSwiftUIWeather;
			productName = AnotherSwiftUIWeather;
			productReference = D5889CE322E381F300D8F782 /* AnotherSwiftUIWeather.app */;
			productType = "com.apple.product-type.application";
		};
/* End PBXNativeTarget section */

/* Begin PBXProject section */
		D5889CDB22E381F300D8F782 /* Project object */ = {
			isa = PBXProject;
			attributes = {
				LastSwiftUpdateCheck = 1100;
				LastUpgradeCheck = 1100;
				ORGANIZATIONNAME = "杨世玲";
				TargetAttributes = {
					D5889CE222E381F300D8F782 = {
						CreatedOnToolsVersion = 11.0;
					};
				};
			};
			buildConfigurationList = D5889CDE22E381F300D8F782 /* Build configuration list for PBXProject "AnotherSwiftUIWeather" */;
			compatibilityVersion = "Xcode 9.3";
			developmentRegion = en;
			hasScannedForEncodings = 0;
			knownRegions = (
				en,
				Base,
			);
			mainGroup = D5889CDA22E381F300D8F782;
			productRefGroup = D5889CE422E381F300D8F782 /* Products */;
			projectDirPath = "";
			projectRoot = "";
			targets = (
				D5889CE222E381F300D8F782 /* AnotherSwiftUIWeather */,
			);
		};
/* End PBXProject section */

/* Begin PBXResourcesBuildPhase section */
		D5889CE122E381F300D8F782 /* Resources */ = {
			isa = PBXResourcesBuildPhase;
			buildActionMask = 2147483647;
			files = (
				D5889CF322E381F600D8F782 /* LaunchScreen.storyboard in Resources */,
				D5889CF022E381F600D8F782 /* Preview Assets.xcassets in Resources */,
				D5889CED22E381F600D8F782 /* Assets.xcassets in Resources */,
			);
			runOnlyForDeploymentPostprocessing = 0;
		};
/* End PBXResourcesBuildPhase section */

/* Begin PBXSourcesBuildPhase section */
		D5889CDF22E381F300D8F782 /* Sources */ = {
			isa = PBXSourcesBuildPhase;
			buildActionMask = 2147483647;
			files = (
				D5889CE722E381F300D8F782 /* AppDelegate.swift in Sources */,
				D5889CE922E381F300D8F782 /* SceneDelegate.swift in Sources */,
				D5889CEB22E381F300D8F782 /* ContentView.swift in Sources */,
			);
			runOnlyForDeploymentPostprocessing = 0;
		};
/* End PBXSourcesBuildPhase section */

/* Begin PBXVariantGroup section */
		D5889CF122E381F600D8F782 /* LaunchScreen.storyboard */ = {
			isa = PBXVariantGroup;
			children = (
				D5889CF222E381F600D8F782 /* Base */,
			);
			name = LaunchScreen.storyboard;
			sourceTree = "<group>";
		};
/* End PBXVariantGroup section */

/* Begin XCBuildConfiguration section */
		D5889CF522E381F600D8F782 /* Debug */ = {
			isa = XCBuildConfiguration;
			buildSettings = {
				ALWAYS_SEARCH_USER_PATHS = NO;
				CLANG_ANALYZER_NONNULL = YES;
				CLANG_ANALYZER_NUMBER_OBJECT_CONVERSION = YES_AGGRESSIVE;
				CLANG_CXX_LANGUAGE_STANDARD = "gnu++14";
				CLANG_CXX_LIBRARY = "libc++";
				CLANG_ENABLE_MODULES = YES;
				CLANG_ENABLE_OBJC_ARC = YES;
				CLANG_ENABLE_OBJC_WEAK = YES;
				CLANG_WARN_BLOCK_CAPTURE_AUTORELEASING = YES;
				CLANG_WARN_BOOL_CONVERSION = YES;
				CLANG_WARN_COMMA = YES;
				CLANG_WARN_CONSTANT_CONVERSION = YES;
				CLANG_WARN_DEPRECATED_OBJC_IMPLEMENTATIONS = YES;
				CLANG_WARN_DIRECT_OBJC_ISA_USAGE = YES_ERROR;
				CLANG_WARN_DOCUMENTATION_COMMENTS = YES;
				CLANG_WARN_EMPTY_BODY = YES;
				CLANG_WARN_ENUM_CONVERSION = YES;
				CLANG_WARN_INFINITE_RECURSION = YES;
				CLANG_WARN_INT_CONVERSION = YES;
				CLANG_WARN_NON_LITERAL_NULL_CONVERSION = YES;
				CLANG_WARN_OBJC_IMPLICIT_RETAIN_SELF = YES;
				CLANG_WARN_OBJC_LITERAL_CONVERSION = YES;
				CLANG_WARN_OBJC_ROOT_CLASS = YES_ERROR;
				CLANG_WARN_RANGE_LOOP_ANALYSIS = YES;
				CLANG_WARN_STRICT_PROTOTYPES = YES;
				CLANG_WARN_SUSPICIOUS_MOVE = YES;
				CLANG_WARN_UNGUARDED_AVAILABILITY = YES_AGGRESSIVE;
				CLANG_WARN_UNREACHABLE_CODE = YES;
				CLANG_WARN__DUPLICATE_METHOD_MATCH = YES;
				COPY_PHASE_STRIP = NO;
				DEBUG_INFORMATION_FORMAT = dwarf;
				ENABLE_STRICT_OBJC_MSGSEND = YES;
				ENABLE_TESTABILITY = YES;
				GCC_C_LANGUAGE_STANDARD = gnu11;
				GCC_DYNAMIC_NO_PIC = NO;
				GCC_NO_COMMON_BLOCKS = YES;
				GCC_OPTIMIZATION_LEVEL = 0;
				GCC_PREPROCESSOR_DEFINITIONS = (
					"DEBUG=1",
					"$(inherited)",
				);
				GCC_WARN_64_TO_32_BIT_CONVERSION = YES;
				GCC_WARN_ABOUT_RETURN_TYPE = YES_ERROR;
				GCC_WARN_UNDECLARED_SELECTOR = YES;
				GCC_WARN_UNINITIALIZED_AUTOS = YES_AGGRESSIVE;
				GCC_WARN_UNUSED_FUNCTION = YES;
				GCC_WARN_UNUSED_VARIABLE = YES;
				IPHONEOS_DEPLOYMENT_TARGET = 13.0;
				MTL_ENABLE_DEBUG_INFO = INCLUDE_SOURCE;
				MTL_FAST_MATH = YES;
				ONLY_ACTIVE_ARCH = YES;
				SDKROOT = iphoneos;
				SWIFT_ACTIVE_COMPILATION_CONDITIONS = DEBUG;
				SWIFT_OPTIMIZATION_LEVEL = "-Onone";
			};
			name = Debug;
		};
		D5889CF622E381F600D8F782 /* Release */ = {
			isa = XCBuildConfiguration;
			buildSettings = {
				ALWAYS_SEARCH_USER_PATHS = NO;
				CLANG_ANALYZER_NONNULL = YES;
				CLANG_ANALYZER_NUMBER_OBJECT_CONVERSION = YES_AGGRESSIVE;
				CLANG_CXX_LANGUAGE_STANDARD = "gnu++14";
				CLANG_CXX_LIBRARY = "libc++";
				CLANG_ENABLE_MODULES = YES;
				CLANG_ENABLE_OBJC_ARC = YES;
				CLANG_ENABLE_OBJC_WEAK = YES;
				CLANG_WARN_BLOCK_CAPTURE_AUTORELEASING = YES;
				CLANG_WARN_BOOL_CONVERSION = YES;
				CLANG_WARN_COMMA = YES;
				CLANG_WARN_CONSTANT_CONVERSION = YES;
				CLANG_WARN_DEPRECATED_OBJC_IMPLEMENTATIONS = YES;
				CLANG_WARN_DIRECT_OBJC_ISA_USAGE = YES_ERROR;
				CLANG_WARN_DOCUMENTATION_COMMENTS = YES;
				CLANG_WARN_EMPTY_BODY = YES;
				CLANG_WARN_ENUM_CONVERSION = YES;
				CLANG_WARN_INFINITE_RECURSION = YES;
				CLANG_WARN_INT_CONVERSION = YES;
				CLANG_WARN_NON_LITERAL_NULL_CONVERSION = YES;
				CLANG_WARN_OBJC_IMPLICIT_RETAIN_SELF = YES;
				CLANG_WARN_OBJC_LITERAL_CONVERSION = YES;
				CLANG_WARN_OBJC_ROOT_CLASS = YES_ERROR;
				CLANG_WARN_RANGE_LOOP_ANALYSIS = YES;
				CLANG_WARN_STRICT_PROTOTYPES = YES;
				CLANG_WARN_SUSPICIOUS_MOVE = YES;
				CLANG_WARN_UNGUARDED_AVAILABILITY = YES_AGGRESSIVE;
				CLANG_WARN_UNREACHABLE_CODE = YES;
				CLANG_WARN__DUPLICATE_METHOD_MATCH = YES;
				COPY_PHASE_STRIP = NO;
				DEBUG_INFORMATION_FORMAT = "dwarf-with-dsym";
				ENABLE_NS_ASSERTIONS = NO;
				ENABLE_STRICT_OBJC_MSGSEND = YES;
				GCC_C_LANGUAGE_STANDARD = gnu11;
				GCC_NO_COMMON_BLOCKS = YES;
				GCC_WARN_64_TO_32_BIT_CONVERSION = YES;
				GCC_WARN_ABOUT_RETURN_TYPE = YES_ERROR;
				GCC_WARN_UNDECLARED_SELECTOR = YES;
				GCC_WARN_UNINITIALIZED_AUTOS = YES_AGGRESSIVE;
				GCC_WARN_UNUSED_FUNCTION = YES;
				GCC_WARN_UNUSED_VARIABLE = YES;
				IPHONEOS_DEPLOYMENT_TARGET = 13.0;
				MTL_ENABLE_DEBUG_INFO = NO;
				MTL_FAST_MATH = YES;
				SDKROOT = iphoneos;
				SWIFT_COMPILATION_MODE = wholemodule;
				SWIFT_OPTIMIZATION_LEVEL = "-O";
				VALIDATE_PRODUCT = YES;
			};
			name = Release;
		};
		D5889CF822E381F600D8F782 /* Debug */ = {
			isa = XCBuildConfiguration;
			buildSettings = {
				ASSETCATALOG_COMPILER_APPICON_NAME = AppIcon;
				CODE_SIGN_STYLE = Automatic;
				DEVELOPMENT_ASSET_PATHS = "AnotherSwiftUIWeather/Preview\\ Content";
				DEVELOPMENT_TEAM = 52C6MCVHES;
				ENABLE_PREVIEWS = YES;
				INFOPLIST_FILE = AnotherSwiftUIWeather/Info.plist;
				LD_RUNPATH_SEARCH_PATHS = (
					"$(inherited)",
					"@executable_path/Frameworks",
				);
				PRODUCT_BUNDLE_IDENTIFIER = com.young40.AnotherSwiftUIWeather;
				PRODUCT_NAME = "$(TARGET_NAME)";
				SWIFT_VERSION = 5.0;
				TARGETED_DEVICE_FAMILY = "1,2";
			};
			name = Debug;
		};
		D5889CF922E381F600D8F782 /* Release */ = {
			isa = XCBuildConfiguration;
			buildSettings = {
				ASSETCATALOG_COMPILER_APPICON_NAME = AppIcon;
				CODE_SIGN_STYLE = Automatic;
				DEVELOPMENT_ASSET_PATHS = "AnotherSwiftUIWeather/Preview\\ Content";
				DEVELOPMENT_TEAM = 52C6MCVHES;
				ENABLE_PREVIEWS = YES;
				INFOPLIST_FILE = AnotherSwiftUIWeather/Info.plist;
				LD_RUNPATH_SEARCH_PATHS = (
					"$(inherited)",
					"@executable_path/Frameworks",
				);
				PRODUCT_BUNDLE_IDENTIFIER = com.young40.AnotherSwiftUIWeather;
				PRODUCT_NAME = "$(TARGET_NAME)";
				SWIFT_VERSION = 5.0;
				TARGETED_DEVICE_FAMILY = "1,2";
			};
			name = Release;
		};
/* End XCBuildConfiguration section */

/* Begin XCConfigurationList section */
		D5889CDE22E381F300D8F782 /* Build configuration list for PBXProject "AnotherSwiftUIWeather" */ = {
			isa = XCConfigurationList;
			buildConfigurations = (
				D5889CF522E381F600D8F782 /* Debug */,
				D5889CF622E381F600D8F782 /* Release */,
			);
			defaultConfigurationIsVisible = 0;
			defaultConfigurationName = Release;
		};
		D5889CF722E381F600D8F782 /* Build configuration list for PBXNativeTarget "AnotherSwiftUIWeather" */ = {
			isa = XCConfigurationList;
			buildConfigurations = (
				D5889CF822E381F600D8F782 /* Debug */,
				D5889CF922E381F600D8F782 /* Release */,
			);
			defaultConfigurationIsVisible = 0;
			defaultConfigurationName = Release;
		};
/* End XCConfigurationList section */
	};
	rootObject = D5889CDB22E381F300D8F782 /* Project object */;
}
